{
    "_meta": {
        "hash": {
            "sha256": "017a81155296503acecc6e3260955c759f3b8ab26127b3653489e18665923f10"
        },
        "pipfile-spec": 6,
        "requires": {
            "python_version": "3.8"
        },
        "sources": [
            {
                "name": "pypi",
                "url": "https://pypi.org/simple",
                "verify_ssl": true
            }
        ]
    },
    "default": {
        "blis": {
            "hashes": [
                "sha256:0421d6e44cda202b113a34761f9a062b53f8c2ae8e4ec8325a76e709fca93b6e",
                "sha256:075431b13b9dd7b411894d4afbd4212acf4d0f56c5a20628f4b34902e90225f1",
                "sha256:0dc9dcb3843045b6b8b00432409fd5ee96b8344a324e031bfec7303838c41a1a",
                "sha256:162e60d941a8151418d558a94ee5547cb1bbeed9f26b3b6f89ec9243f111a201",
                "sha256:1b68df4d01d62f9adaef3dad6f96418787265a6878891fc4e0fabafd6d02afba",
                "sha256:2e62cd14b20e960f21547fee01f3a0b2ac201034d819842865a667c969c355d1",
                "sha256:2fb36989ed61233cfd48915896802ee6d3d87882190000f8cfe0cf4a3819f9a8",
                "sha256:2ff7abd784033836b284ff9f4d0d7cb0737b7684daebb01a4c9fe145ffa5a31e",
                "sha256:31273d9086cab9c56986d478e3ed6da6752fa4cdd0f7b5e8e5db30827912d90d",
                "sha256:324fdf62af9075831aa62b51481960e8465674b7723f977684e32af708bb7448",
                "sha256:5a305dbfc96d202a20d0edd6edf74a406b7e1404f4fa4397d24c68454e60b1b4",
                "sha256:5bb38adabbb22f69f22c74bad025a010ae3b14de711bf5c715353980869d491d",
                "sha256:5bcdaf370f03adaf4171d6405a89fa66cb3c09399d75fc02e1230a78cd2759e4",
                "sha256:68544a1cbc3564db7ba54d2bf8988356b8c7acd025966e8e9313561b19f0fe2e",
                "sha256:686a7d0111d5ba727cd62f374748952fd6eb74701b18177f525b16209a253c01",
                "sha256:688a8b21d2521c2124ee8dfcbaf2c385981ccc27e313e052113d5db113e27d3b",
                "sha256:6df00c24128e323174cde5d80ebe3657df39615322098ce06613845433057614",
                "sha256:7de19264b1d49a178bf8035406d0ae77831f3bfaa3ce02942964a81a202abb03",
                "sha256:7ea09f961871f880d5dc622dce6c370e4859559f0ead897ae9b20ddafd6b07a2",
                "sha256:809d1da1331108935bf06e22f3cf07ef73a41a572ecd81575bdedb67defe3465",
                "sha256:844b6377e3e7f3a2e92e7333cc644095386548ad5a027fdc150122703c009956",
                "sha256:89b01c05a5754edc0b9a3b69be52cbee03f645b2ec69651d12216ea83b8122f0",
                "sha256:8ea55c6a4a60fcbf6a0fdce40df6e254451ce636988323a34b9c94b583fc11e5",
                "sha256:a73945a9d635eea528bccfdfcaa59dd35bd5f82a4a40d5ca31f08f507f3a6f81",
                "sha256:afebdb02d2dcf9059f23ce1244585d3ce7e95c02a77fd45a500e4a55b7b23583",
                "sha256:bfabd5272bbbe504702b8dfe30093653d278057656126716ff500d9c184b35a6",
                "sha256:ca684f5c2f05269f17aefe7812360286e9a1cee3afb96d416485efd825dbcf19",
                "sha256:cd5fba34c5775e4c440d80e4dea8acb40e2d3855b546e07c4e21fad8f972404c",
                "sha256:cec6d48f75f7ac328ae1b6fbb372dde8c8a57c89559172277f66e01ff08d4d42",
                "sha256:cfee5ec52ba1e9002311d9191f7129d7b0ecdff211e88536fb24c865d102b50d",
                "sha256:d06883f83d4c8de8264154f7c4a420b4af323050ed07398c1ff201c34c25c0d2",
                "sha256:dadf8713ea51d91444d14ad4104a5493fa7ecc401bbb5f4a203ff6448fadb113",
                "sha256:ee493683e3043650d4413d531e79e580d28a3c7bdd184f1b9cfa565497bda1e7",
                "sha256:f9caffcd14795bfe52add95a0dd8426d44e737b55fcb69e2b797816f4da0b1d2"
            ],
            "version": "==0.7.11"
        },
        "catalogue": {
            "hashes": [
                "sha256:bfde9cbc97b85285bd890c0cb01ed3577e4e2cf0e8d412da6d3756afb36606d9",
                "sha256:c9a07ab312f625498a1ea712cd711e1952333c9459c4c674ffc3f05591258334"
            ],
            "markers": "python_version >= '3.6'",
            "version": "==1.0.2"
        },
        "certifi": {
            "hashes": [
                "sha256:3cd43f1c6fa7dedc5899d69d3ad0398fd018ad1a17fba83ddaf78aa46c747516",
                "sha256:ddc6c8ce995e6987e7faf5e3f1b02b302836a0e5d98ece18392cb1a36c72ad56"
            ],
            "markers": "python_version >= '3.6'",
            "version": "==2024.6.2"
        },
        "charset-normalizer": {
            "hashes": [
                "sha256:06435b539f889b1f6f4ac1758871aae42dc3a8c0e24ac9e60c2384973ad73027",
                "sha256:06a81e93cd441c56a9b65d8e1d043daeb97a3d0856d177d5c90ba85acb3db087",
                "sha256:0a55554a2fa0d408816b3b5cedf0045f4b8e1a6065aec45849de2d6f3f8e9786",
                "sha256:0b2b64d2bb6d3fb9112bafa732def486049e63de9618b5843bcdd081d8144cd8",
                "sha256:10955842570876604d404661fbccbc9c7e684caf432c09c715ec38fbae45ae09",
                "sha256:122c7fa62b130ed55f8f285bfd56d5f4b4a5b503609d181f9ad85e55c89f4185",
                "sha256:1ceae2f17a9c33cb48e3263960dc5fc8005351ee19db217e9b1bb15d28c02574",
                "sha256:1d3193f4a680c64b4b6a9115943538edb896edc190f0b222e73761716519268e",
                "sha256:1f79682fbe303db92bc2b1136016a38a42e835d932bab5b3b1bfcfbf0640e519",
                "sha256:2127566c664442652f024c837091890cb1942c30937add288223dc895793f898",
                "sha256:22afcb9f253dac0696b5a4be4a1c0f8762f8239e21b99680099abd9b2b1b2269",
                "sha256:25baf083bf6f6b341f4121c2f3c548875ee6f5339300e08be3f2b2ba1721cdd3",
                "sha256:2e81c7b9c8979ce92ed306c249d46894776a909505d8f5a4ba55b14206e3222f",
                "sha256:3287761bc4ee9e33561a7e058c72ac0938c4f57fe49a09eae428fd88aafe7bb6",
                "sha256:34d1c8da1e78d2e001f363791c98a272bb734000fcef47a491c1e3b0505657a8",
                "sha256:37e55c8e51c236f95b033f6fb391d7d7970ba5fe7ff453dad675e88cf303377a",
                "sha256:3d47fa203a7bd9c5b6cee4736ee84ca03b8ef23193c0d1ca99b5089f72645c73",
                "sha256:3e4d1f6587322d2788836a99c69062fbb091331ec940e02d12d179c1d53e25fc",
                "sha256:42cb296636fcc8b0644486d15c12376cb9fa75443e00fb25de0b8602e64c1714",
                "sha256:45485e01ff4d3630ec0d9617310448a8702f70e9c01906b0d0118bdf9d124cf2",
                "sha256:4a78b2b446bd7c934f5dcedc588903fb2f5eec172f3d29e52a9096a43722adfc",
                "sha256:4ab2fe47fae9e0f9dee8c04187ce5d09f48eabe611be8259444906793ab7cbce",
                "sha256:4d0d1650369165a14e14e1e47b372cfcb31d6ab44e6e33cb2d4e57265290044d",
                "sha256:549a3a73da901d5bc3ce8d24e0600d1fa85524c10287f6004fbab87672bf3e1e",
                "sha256:55086ee1064215781fff39a1af09518bc9255b50d6333f2e4c74ca09fac6a8f6",
                "sha256:572c3763a264ba47b3cf708a44ce965d98555f618ca42c926a9c1616d8f34269",
                "sha256:573f6eac48f4769d667c4442081b1794f52919e7edada77495aaed9236d13a96",
                "sha256:5b4c145409bef602a690e7cfad0a15a55c13320ff7a3ad7ca59c13bb8ba4d45d",
                "sha256:6463effa3186ea09411d50efc7d85360b38d5f09b870c48e4600f63af490e56a",
                "sha256:65f6f63034100ead094b8744b3b97965785388f308a64cf8d7c34f2f2e5be0c4",
                "sha256:663946639d296df6a2bb2aa51b60a2454ca1cb29835324c640dafb5ff2131a77",
                "sha256:6897af51655e3691ff853668779c7bad41579facacf5fd7253b0133308cf000d",
                "sha256:68d1f8a9e9e37c1223b656399be5d6b448dea850bed7d0f87a8311f1ff3dabb0",
                "sha256:6ac7ffc7ad6d040517be39eb591cac5ff87416c2537df6ba3cba3bae290c0fed",
                "sha256:6b3251890fff30ee142c44144871185dbe13b11bab478a88887a639655be1068",
                "sha256:6c4caeef8fa63d06bd437cd4bdcf3ffefe6738fb1b25951440d80dc7df8c03ac",
                "sha256:6ef1d82a3af9d3eecdba2321dc1b3c238245d890843e040e41e470ffa64c3e25",
                "sha256:753f10e867343b4511128c6ed8c82f7bec3bd026875576dfd88483c5c73b2fd8",
                "sha256:7cd13a2e3ddeed6913a65e66e94b51d80a041145a026c27e6bb76c31a853c6ab",
                "sha256:7ed9e526742851e8d5cc9e6cf41427dfc6068d4f5a3bb03659444b4cabf6bc26",
                "sha256:7f04c839ed0b6b98b1a7501a002144b76c18fb1c1850c8b98d458ac269e26ed2",
                "sha256:802fe99cca7457642125a8a88a084cef28ff0cf9407060f7b93dca5aa25480db",
                "sha256:80402cd6ee291dcb72644d6eac93785fe2c8b9cb30893c1af5b8fdd753b9d40f",
                "sha256:8465322196c8b4d7ab6d1e049e4c5cb460d0394da4a27d23cc242fbf0034b6b5",
                "sha256:86216b5cee4b06df986d214f664305142d9c76df9b6512be2738aa72a2048f99",
                "sha256:87d1351268731db79e0f8e745d92493ee2841c974128ef629dc518b937d9194c",
                "sha256:8bdb58ff7ba23002a4c5808d608e4e6c687175724f54a5dade5fa8c67b604e4d",
                "sha256:8c622a5fe39a48f78944a87d4fb8a53ee07344641b0562c540d840748571b811",
                "sha256:8d756e44e94489e49571086ef83b2bb8ce311e730092d2c34ca8f7d925cb20aa",
                "sha256:8f4a014bc36d3c57402e2977dada34f9c12300af536839dc38c0beab8878f38a",
                "sha256:9063e24fdb1e498ab71cb7419e24622516c4a04476b17a2dab57e8baa30d6e03",
                "sha256:90d558489962fd4918143277a773316e56c72da56ec7aa3dc3dbbe20fdfed15b",
                "sha256:923c0c831b7cfcb071580d3f46c4baf50f174be571576556269530f4bbd79d04",
                "sha256:95f2a5796329323b8f0512e09dbb7a1860c46a39da62ecb2324f116fa8fdc85c",
                "sha256:96b02a3dc4381e5494fad39be677abcb5e6634bf7b4fa83a6dd3112607547001",
                "sha256:9f96df6923e21816da7e0ad3fd47dd8f94b2a5ce594e00677c0013018b813458",
                "sha256:a10af20b82360ab00827f916a6058451b723b4e65030c5a18577c8b2de5b3389",
                "sha256:a50aebfa173e157099939b17f18600f72f84eed3049e743b68ad15bd69b6bf99",
                "sha256:a981a536974bbc7a512cf44ed14938cf01030a99e9b3a06dd59578882f06f985",
                "sha256:a9a8e9031d613fd2009c182b69c7b2c1ef8239a0efb1df3f7c8da66d5dd3d537",
                "sha256:ae5f4161f18c61806f411a13b0310bea87f987c7d2ecdbdaad0e94eb2e404238",
                "sha256:aed38f6e4fb3f5d6bf81bfa990a07806be9d83cf7bacef998ab1a9bd660a581f",
                "sha256:b01b88d45a6fcb69667cd6d2f7a9aeb4bf53760d7fc536bf679ec94fe9f3ff3d",
                "sha256:b261ccdec7821281dade748d088bb6e9b69e6d15b30652b74cbbac25e280b796",
                "sha256:b2b0a0c0517616b6869869f8c581d4eb2dd83a4d79e0ebcb7d373ef9956aeb0a",
                "sha256:b4a23f61ce87adf89be746c8a8974fe1c823c891d8f86eb218bb957c924bb143",
                "sha256:bd8f7df7d12c2db9fab40bdd87a7c09b1530128315d047a086fa3ae3435cb3a8",
                "sha256:beb58fe5cdb101e3a055192ac291b7a21e3b7ef4f67fa1d74e331a7f2124341c",
                "sha256:c002b4ffc0be611f0d9da932eb0f704fe2602a9a949d1f738e4c34c75b0863d5",
                "sha256:c083af607d2515612056a31f0a8d9e0fcb5876b7bfc0abad3ecd275bc4ebc2d5",
                "sha256:c180f51afb394e165eafe4ac2936a14bee3eb10debc9d9e4db8958fe36afe711",
                "sha256:c235ebd9baae02f1b77bcea61bce332cb4331dc3617d254df3323aa01ab47bd4",
                "sha256:cd70574b12bb8a4d2aaa0094515df2463cb429d8536cfb6c7ce983246983e5a6",
                "sha256:d0eccceffcb53201b5bfebb52600a5fb483a20b61da9dbc885f8b103cbe7598c",
                "sha256:d965bba47ddeec8cd560687584e88cf699fd28f192ceb452d1d7ee807c5597b7",
                "sha256:db364eca23f876da6f9e16c9da0df51aa4f104a972735574842618b8c6d999d4",
                "sha256:ddbb2551d7e0102e7252db79ba445cdab71b26640817ab1e3e3648dad515003b",
                "sha256:deb6be0ac38ece9ba87dea880e438f25ca3eddfac8b002a2ec3d9183a454e8ae",
                "sha256:e06ed3eb3218bc64786f7db41917d4e686cc4856944f53d5bdf83a6884432e12",
                "sha256:e27ad930a842b4c5eb8ac0016b0a54f5aebbe679340c26101df33424142c143c",
                "sha256:e537484df0d8f426ce2afb2d0f8e1c3d0b114b83f8850e5f2fbea0e797bd82ae",
                "sha256:eb00ed941194665c332bf8e078baf037d6c35d7c4f3102ea2d4f16ca94a26dc8",
                "sha256:eb6904c354526e758fda7167b33005998fb68c46fbc10e013ca97f21ca5c8887",
                "sha256:eb8821e09e916165e160797a6c17edda0679379a4be5c716c260e836e122f54b",
                "sha256:efcb3f6676480691518c177e3b465bcddf57cea040302f9f4e6e191af91174d4",
                "sha256:f27273b60488abe721a075bcca6d7f3964f9f6f067c8c4c605743023d7d3944f",
                "sha256:f30c3cb33b24454a82faecaf01b19c18562b1e89558fb6c56de4d9118a032fd5",
                "sha256:fb69256e180cb6c8a894fee62b3afebae785babc1ee98b81cdf68bbca1987f33",
                "sha256:fd1abc0d89e30cc4e02e4064dc67fcc51bd941eb395c502aac3ec19fab46b519",
                "sha256:ff8fa367d09b717b2a17a052544193ad76cd49979c805768879cb63d9ca50561"
            ],
            "markers": "python_full_version >= '3.7.0'",
            "version": "==3.3.2"
        },
        "cymem": {
            "hashes": [
                "sha256:0d5f83dc3cb5a39f0e32653cceb7c8ce0183d82f1162ca418356f4a8ed9e203e",
                "sha256:167d8019db3b40308aabf8183fd3fbbc256323b645e0cbf2035301058c439cd0",
                "sha256:17cd2c2791c8f6b52f269a756ba7463f75bf7265785388a2592623b84bb02bf8",
                "sha256:1e593cd57e2e19eb50c7ddaf7e230b73c890227834425b9dadcd4a86834ef2ab",
                "sha256:29a551eda23eebd6d076b855f77a5ed14a1d1cae5946f7b3cb5de502e21b39b0",
                "sha256:42c993589d1811ec665d37437d5677b8757f53afadd927bf8516ac8ce2d3a50c",
                "sha256:4ac218cf8a43a761dc6b2f14ae8d183aca2bbb85b60fe316fd6613693b2a7914",
                "sha256:6204f0a3307bf45d109bf698ba37997ce765f21e359284328e4306c7500fcde8",
                "sha256:6a6edddb30dd000a27987fcbc6f3c23b7fe1d74f539656952cb086288c0e4e29",
                "sha256:6b84b780d52cb2db53d4494fe0083c4c5ee1f7b5380ceaea5b824569009ee5bd",
                "sha256:6ce641f7ba0489bd1b42a4335a36f38c8507daffc29a512681afaba94a0257d2",
                "sha256:7372e2820fa66fd47d3b135f3eb574ab015f90780c3a21cfd4809b54f23a4723",
                "sha256:77b5d3a73c41a394efd5913ab7e48512054cd2dabb9582d489535456641c7666",
                "sha256:7bf49e3ea2c441f7b7848d5c61b50803e8cbd49541a70bb41ad22fce76d87603",
                "sha256:84f8c58cde71b8fc7024883031a4eec66c0a9a4d36b7850c3065493652695156",
                "sha256:8e370dd54359101b125bfb191aca0542718077b4edb90ccccba1a28116640fed",
                "sha256:8fb09d222e21dcf1c7e907dc85cf74501d4cea6c4ed4ac6c9e016f98fb59cbbf",
                "sha256:9235957f8c6bc2574a6a506a1687164ad629d0b4451ded89d49ebfc61b52660c",
                "sha256:a2cc38930ff5409f8d61f69a01e39ecb185c175785a1c9bec13bcd3ac8a614ba",
                "sha256:a4f8f2bfee34f6f38b206997727d29976666c89843c071a968add7d61a1e8024",
                "sha256:a63a2bef4c7e0aec7c9908bca0a503bf91ac7ec18d41dd50dc7dff5d994e4387",
                "sha256:ab3cf20e0eabee9b6025ceb0245dadd534a96710d43fb7a91a35e0b9e672ee44",
                "sha256:ada6eb022e4a0f4f11e6356a5d804ceaa917174e6cf33c0b3e371dbea4dd2601",
                "sha256:b896c83c08dadafe8102a521f83b7369a9c5cc3e7768eca35875764f56703f4c",
                "sha256:b9c05db55ea338648f8e5f51dd596568c7f62c5ae32bf3fa5b1460117910ebae",
                "sha256:bd33da892fb560ba85ea14b1528c381ff474048e861accc3366c8b491035a378",
                "sha256:cb51fddf1b920abb1f2742d1d385469bc7b4b8083e1cfa60255e19bc0900ccb5",
                "sha256:ceeab3ce2a92c7f3b2d90854efb32cb203e78cb24c836a5a9a2cac221930303b",
                "sha256:d513f0d5c6d76facdc605e42aa42c8d50bb7dedca3144ec2b47526381764deb0",
                "sha256:e4e57bee56d35b90fc2cba93e75b2ce76feaca05251936e28a96cf812a1f5dda",
                "sha256:e6b83a5972a64f62796118da79dfeed71f4e1e770b2b7455e889c909504c2358",
                "sha256:e8260445652ae5ab19fff6851f32969a7b774f309162e83367dd0f69aac5dbf7",
                "sha256:ecd12e3bacf3eed5486e4cd8ede3c12da66ee0e0a9d0ae046962bc2bb503acef"
            ],
            "version": "==2.0.8"
        },
        "dawg-python": {
            "hashes": [
                "sha256:4941d5df081b8d6fcb4597e073a9f60d5c1ccc9d17cd733e8744d7ecfec94ef3",
                "sha256:4a5e3286e6261cca02f205cfd5516a7ab10190fa30c51c28d345808f595e3421"
            ],
            "version": "==0.7.2"
        },
        "docopt": {
            "hashes": [
                "sha256:49b3a825280bd66b3aa83585ef59c4a8c82f2c8a522dbe754a8bc8d08c85c491"
            ],
            "version": "==0.6.2"
        },
        "filelock": {
            "hashes": [
                "sha256:58a2549afdf9e02e10720eaa4d4470f56386d7a6f72edd7d0596337af8ed7ad8",
                "sha256:71b3102950e91dfc1bb4209b64be4dc8854f40e5f534428d8684f953ac847fac"
            ],
            "markers": "python_version >= '3.8'",
            "version": "==3.15.1"
        },
        "fsspec": {
            "hashes": [
                "sha256:58d7122eb8a1a46f7f13453187bfea4972d66bf01618d37366521b1998034cee",
                "sha256:f579960a56e6d8038a9efc8f9c77279ec12e6299aa86b0769a7e9c46b94527c2"
            ],
            "markers": "python_version >= '3.8'",
            "version": "==2024.6.0"
        },
        "idna": {
            "hashes": [
                "sha256:028ff3aadf0609c1fd278d8ea3089299412a7a8b9bd005dd08b9f8285bcb5cfc",
                "sha256:82fee1fc78add43492d3a1898bfa6d8a904cc97d8427f683ed8e798d07761aa0"
            ],
            "markers": "python_version >= '3.5'",
            "version": "==3.7"
        },
        "jinja2": {
            "hashes": [
                "sha256:4a3aee7acbbe7303aede8e9648d13b8bf88a429282aa6122a993f0ac800cb369",
                "sha256:bc5dd2abb727a5319567b7a813e6a2e7318c39f4f487cfe6c89c6f9c7d25197d"
            ],
            "markers": "python_version >= '3.7'",
            "version": "==3.1.4"
        },
        "markupsafe": {
            "hashes": [
                "sha256:00e046b6dd71aa03a41079792f8473dc494d564611a8f89bbbd7cb93295ebdcf",
                "sha256:075202fa5b72c86ad32dc7d0b56024ebdbcf2048c0ba09f1cde31bfdd57bcfff",
                "sha256:0e397ac966fdf721b2c528cf028494e86172b4feba51d65f81ffd65c63798f3f",
                "sha256:17b950fccb810b3293638215058e432159d2b71005c74371d784862b7e4683f3",
                "sha256:1f3fbcb7ef1f16e48246f704ab79d79da8a46891e2da03f8783a5b6fa41a9532",
                "sha256:2174c595a0d73a3080ca3257b40096db99799265e1c27cc5a610743acd86d62f",
                "sha256:2b7c57a4dfc4f16f7142221afe5ba4e093e09e728ca65c51f5620c9aaeb9a617",
                "sha256:2d2d793e36e230fd32babe143b04cec8a8b3eb8a3122d2aceb4a371e6b09b8df",
                "sha256:30b600cf0a7ac9234b2638fbc0fb6158ba5bdcdf46aeb631ead21248b9affbc4",
                "sha256:397081c1a0bfb5124355710fe79478cdbeb39626492b15d399526ae53422b906",
                "sha256:3a57fdd7ce31c7ff06cdfbf31dafa96cc533c21e443d57f5b1ecc6cdc668ec7f",
                "sha256:3c6b973f22eb18a789b1460b4b91bf04ae3f0c4234a0a6aa6b0a92f6f7b951d4",
                "sha256:3e53af139f8579a6d5f7b76549125f0d94d7e630761a2111bc431fd820e163b8",
                "sha256:4096e9de5c6fdf43fb4f04c26fb114f61ef0bf2e5604b6ee3019d51b69e8c371",
                "sha256:4275d846e41ecefa46e2015117a9f491e57a71ddd59bbead77e904dc02b1bed2",
                "sha256:4c31f53cdae6ecfa91a77820e8b151dba54ab528ba65dfd235c80b086d68a465",
                "sha256:4f11aa001c540f62c6166c7726f71f7573b52c68c31f014c25cc7901deea0b52",
                "sha256:5049256f536511ee3f7e1b3f87d1d1209d327e818e6ae1365e8653d7e3abb6a6",
                "sha256:58c98fee265677f63a4385256a6d7683ab1832f3ddd1e66fe948d5880c21a169",
                "sha256:598e3276b64aff0e7b3451b72e94fa3c238d452e7ddcd893c3ab324717456bad",
                "sha256:5b7b716f97b52c5a14bffdf688f971b2d5ef4029127f1ad7a513973cfd818df2",
                "sha256:5dedb4db619ba5a2787a94d877bc8ffc0566f92a01c0ef214865e54ecc9ee5e0",
                "sha256:619bc166c4f2de5caa5a633b8b7326fbe98e0ccbfacabd87268a2b15ff73a029",
                "sha256:629ddd2ca402ae6dbedfceeba9c46d5f7b2a61d9749597d4307f943ef198fc1f",
                "sha256:656f7526c69fac7f600bd1f400991cc282b417d17539a1b228617081106feb4a",
                "sha256:6ec585f69cec0aa07d945b20805be741395e28ac1627333b1c5b0105962ffced",
                "sha256:72b6be590cc35924b02c78ef34b467da4ba07e4e0f0454a2c5907f473fc50ce5",
                "sha256:7502934a33b54030eaf1194c21c692a534196063db72176b0c4028e140f8f32c",
                "sha256:7a68b554d356a91cce1236aa7682dc01df0edba8d043fd1ce607c49dd3c1edcf",
                "sha256:7b2e5a267c855eea6b4283940daa6e88a285f5f2a67f2220203786dfa59b37e9",
                "sha256:823b65d8706e32ad2df51ed89496147a42a2a6e01c13cfb6ffb8b1e92bc910bb",
                "sha256:8590b4ae07a35970728874632fed7bd57b26b0102df2d2b233b6d9d82f6c62ad",
                "sha256:8dd717634f5a044f860435c1d8c16a270ddf0ef8588d4887037c5028b859b0c3",
                "sha256:8dec4936e9c3100156f8a2dc89c4b88d5c435175ff03413b443469c7c8c5f4d1",
                "sha256:97cafb1f3cbcd3fd2b6fbfb99ae11cdb14deea0736fc2b0952ee177f2b813a46",
                "sha256:a17a92de5231666cfbe003f0e4b9b3a7ae3afb1ec2845aadc2bacc93ff85febc",
                "sha256:a549b9c31bec33820e885335b451286e2969a2d9e24879f83fe904a5ce59d70a",
                "sha256:ac07bad82163452a6884fe8fa0963fb98c2346ba78d779ec06bd7a6262132aee",
                "sha256:ae2ad8ae6ebee9d2d94b17fb62763125f3f374c25618198f40cbb8b525411900",
                "sha256:b91c037585eba9095565a3556f611e3cbfaa42ca1e865f7b8015fe5c7336d5a5",
                "sha256:bc1667f8b83f48511b94671e0e441401371dfd0f0a795c7daa4a3cd1dde55bea",
                "sha256:bec0a414d016ac1a18862a519e54b2fd0fc8bbfd6890376898a6c0891dd82e9f",
                "sha256:bf50cd79a75d181c9181df03572cdce0fbb75cc353bc350712073108cba98de5",
                "sha256:bff1b4290a66b490a2f4719358c0cdcd9bafb6b8f061e45c7a2460866bf50c2e",
                "sha256:c061bb86a71b42465156a3ee7bd58c8c2ceacdbeb95d05a99893e08b8467359a",
                "sha256:c8b29db45f8fe46ad280a7294f5c3ec36dbac9491f2d1c17345be8e69cc5928f",
                "sha256:ce409136744f6521e39fd8e2a24c53fa18ad67aa5bc7c2cf83645cce5b5c4e50",
                "sha256:d050b3361367a06d752db6ead6e7edeb0009be66bc3bae0ee9d97fb326badc2a",
                "sha256:d283d37a890ba4c1ae73ffadf8046435c76e7bc2247bbb63c00bd1a709c6544b",
                "sha256:d9fad5155d72433c921b782e58892377c44bd6252b5af2f67f16b194987338a4",
                "sha256:daa4ee5a243f0f20d528d939d06670a298dd39b1ad5f8a72a4275124a7819eff",
                "sha256:db0b55e0f3cc0be60c1f19efdde9a637c32740486004f20d1cff53c3c0ece4d2",
                "sha256:e61659ba32cf2cf1481e575d0462554625196a1f2fc06a1c777d3f48e8865d46",
                "sha256:ea3d8a3d18833cf4304cd2fc9cbb1efe188ca9b5efef2bdac7adc20594a0e46b",
                "sha256:ec6a563cff360b50eed26f13adc43e61bc0c04d94b8be985e6fb24b81f6dcfdf",
                "sha256:f5dfb42c4604dddc8e4305050aa6deb084540643ed5804d7455b5df8fe16f5e5",
                "sha256:fa173ec60341d6bb97a89f5ea19c85c5643c1e7dedebc22f5181eb73573142c5",
                "sha256:fa9db3f79de01457b03d4f01b34cf91bc0048eb2c3846ff26f66687c2f6d16ab",
                "sha256:fce659a462a1be54d2ffcacea5e3ba2d74daa74f30f5f143fe0c58636e355fdd",
                "sha256:ffee1f21e5ef0d712f9033568f8344d5da8cc2869dbd08d87c84656e6a2d2f68"
            ],
            "markers": "python_version >= '3.7'",
            "version": "==2.1.5"
        },
        "mpmath": {
            "hashes": [
                "sha256:7a28eb2a9774d00c7bc92411c19a89209d5da7c4c9a9e227be8330a23a25b91f",
                "sha256:a0b2b9fe80bbcd81a6647ff13108738cfb482d481d826cc0e02f5b35e5c88d2c"
            ],
            "version": "==1.3.0"
        },
        "murmurhash": {
            "hashes": [
                "sha256:0438f0cb44cf1cd26251f72c1428213c4197d40a4e3f48b1efc3aea12ce18517",
                "sha256:16ef9f0855952493fe08929d23865425906a8c0c40607ac8a949a378652ba6a9",
                "sha256:18b9d200a09d48ef67f6840b77c14f151f2b6c48fd69661eb75c7276ebdb146c",
                "sha256:1b64e5332932993fef598e78d633b1ba664789ab73032ed511f3dc615a631a1a",
                "sha256:1c9fbcd7646ad8ba67b895f71d361d232c6765754370ecea473dd97d77afe99f",
                "sha256:22e9926fdbec9d24ced9b0a42f0fee68c730438be3cfb00c2499fd495caec226",
                "sha256:2cc3351ae92b89c2fcdc6e41ac6f17176dbd9b3554c96109fd0713695d8663e7",
                "sha256:3310101004d9e2e0530c2fed30174448d998ffd1b50dcbfb7677e95db101aa4b",
                "sha256:3e90eef568adca5e17a91f96975e9a782ace3a617bbb3f8c8c2d917096e9bfeb",
                "sha256:4904f7e68674a64eb2b08823c72015a5e14653e0b4b109ea00c652a005a59bad",
                "sha256:5282aab1317804c6ebd6dd7f69f15ba9075aee671c44a34be2bde0f1b11ef88a",
                "sha256:54bfbfd68baa99717239b8844600db627f336a08b1caf4df89762999f681cdd1",
                "sha256:55f4e4f9291a53c36070330950b472d72ba7d331e4ce3ce1ab349a4f458f7bc4",
                "sha256:6559fef7c2e7349a42a63549067709b656d6d1580752bd76be1541d8b2d65718",
                "sha256:6e2a38437a8497e082408aa015c6d90554b9e00c2c221fdfa79728a2d99a739e",
                "sha256:7024ab3498434f22f8e642ae31448322ad8228c65c8d9e5dc2d563d57c14c9b8",
                "sha256:8b580b8503647de5dd7972746b7613ea586270f17ac92a44872a9b1b52c36d68",
                "sha256:8bf49e3bb33febb7057ae3a5d284ef81243a1e55eaa62bdcd79007cddbdc0461",
                "sha256:90ed37ee2cace9381b83d56068334f77e3e30bc521169a1f886a2a2800e965d6",
                "sha256:96f0a070344d4802ea76a160e0d4c88b7dc10454d2426f48814482ba60b38b9e",
                "sha256:97e09d675de2359e586f09de1d0de1ab39f9911edffc65c9255fb5e04f7c1f85",
                "sha256:9f61862060d677c84556610ac0300a0776cb13cb3155f5075ed97e80f86e55d9",
                "sha256:a4209962b9f85de397c3203ea4b3a554da01ae9fd220fdab38757d4e9eba8d1a",
                "sha256:a99dedfb7f0cc5a4cd76eb409ee98d3d50eba024f934e705914f6f4d765aef2c",
                "sha256:b3b6d2d877d8881a08be66d906856d05944be0faf22b9a0390338bcf45299989",
                "sha256:c65401a6f1778676253cbf89c1f45a8a7feb7d73038e483925df7d5943c08ed9",
                "sha256:d75840212bf75eb1352c946c3cf1622dacddd6d6bdda34368237d1eb3568f23a",
                "sha256:d8f54b0031d8696fed17ed6e9628f339cdea0ba2367ca051e18ff59193f52687",
                "sha256:db1171a3f9a10571931764cdbfaa5371f4cf5c23c680639762125cb075b833a5",
                "sha256:e5d7cfe392c0a28129226271008e61e77bf307afc24abf34f386771daa7b28b0",
                "sha256:f1605fde07030516eb63d77a598dd164fb9bf217fd937dbac588fe7e47a28c40",
                "sha256:f23f2dfc7174de2cdc5007c0771ab8376a2a3f48247f32cac4a5563e40c6adcc",
                "sha256:f8ecb00cc1ab57e4b065f9fb3ea923b55160c402d959c69a0b6dbbe8bc73efc3"
            ],
            "markers": "python_version >= '3.6'",
            "version": "==1.0.10"
        },
        "networkx": {
            "hashes": [
                "sha256:4f33f68cb2afcf86f28a45f43efc27a9386b535d567d2127f8f61d51dec58d36",
                "sha256:de346335408f84de0eada6ff9fafafff9bcda11f0a0dfaa931133debb146ab61"
            ],
            "markers": "python_version >= '3.8'",
            "version": "==3.1"
        },
        "numpy": {
            "hashes": [
                "sha256:04640dab83f7c6c85abf9cd729c5b65f1ebd0ccf9de90b270cd61935eef0197f",
                "sha256:1452241c290f3e2a312c137a9999cdbf63f78864d63c79039bda65ee86943f61",
                "sha256:222e40d0e2548690405b0b3c7b21d1169117391c2e82c378467ef9ab4c8f0da7",
                "sha256:2541312fbf09977f3b3ad449c4e5f4bb55d0dbf79226d7724211acc905049400",
                "sha256:31f13e25b4e304632a4619d0e0777662c2ffea99fcae2029556b17d8ff958aef",
                "sha256:4602244f345453db537be5314d3983dbf5834a9701b7723ec28923e2889e0bb2",
                "sha256:4979217d7de511a8d57f4b4b5b2b965f707768440c17cb70fbf254c4b225238d",
                "sha256:4c21decb6ea94057331e111a5bed9a79d335658c27ce2adb580fb4d54f2ad9bc",
                "sha256:6620c0acd41dbcb368610bb2f4d83145674040025e5536954782467100aa8835",
                "sha256:692f2e0f55794943c5bfff12b3f56f99af76f902fc47487bdfe97856de51a706",
                "sha256:7215847ce88a85ce39baf9e89070cb860c98fdddacbaa6c0da3ffb31b3350bd5",
                "sha256:79fc682a374c4a8ed08b331bef9c5f582585d1048fa6d80bc6c35bc384eee9b4",
                "sha256:7ffe43c74893dbf38c2b0a1f5428760a1a9c98285553c89e12d70a96a7f3a4d6",
                "sha256:80f5e3a4e498641401868df4208b74581206afbee7cf7b8329daae82676d9463",
                "sha256:95f7ac6540e95bc440ad77f56e520da5bf877f87dca58bd095288dce8940532a",
                "sha256:9667575fb6d13c95f1b36aca12c5ee3356bf001b714fc354eb5465ce1609e62f",
                "sha256:a5425b114831d1e77e4b5d812b69d11d962e104095a5b9c3b641a218abcc050e",
                "sha256:b4bea75e47d9586d31e892a7401f76e909712a0fd510f58f5337bea9572c571e",
                "sha256:b7b1fc9864d7d39e28f41d089bfd6353cb5f27ecd9905348c24187a768c79694",
                "sha256:befe2bf740fd8373cf56149a5c23a0f601e82869598d41f8e188a0e9869926f8",
                "sha256:c0bfb52d2169d58c1cdb8cc1f16989101639b34c7d3ce60ed70b19c63eba0b64",
                "sha256:d11efb4dbecbdf22508d55e48d9c8384db795e1b7b51ea735289ff96613ff74d",
                "sha256:dd80e219fd4c71fc3699fc1dadac5dcf4fd882bfc6f7ec53d30fa197b8ee22dc",
                "sha256:e2926dac25b313635e4d6cf4dc4e51c8c0ebfed60b801c799ffc4c32bf3d1254",
                "sha256:e98f220aa76ca2a977fe435f5b04d7b3470c0a2e6312907b37ba6068f26787f2",
                "sha256:ed094d4f0c177b1b8e7aa9cba7d6ceed51c0e569a5318ac0ca9a090680a6a1b1",
                "sha256:f136bab9c2cfd8da131132c2cf6cc27331dd6fae65f95f69dcd4ae3c3639c810",
                "sha256:f3a86ed21e4f87050382c7bc96571755193c4c1392490744ac73d660e8f564a9"
            ],
            "markers": "python_version >= '3.8'",
            "version": "==1.24.4"
        },
        "plac": {
            "hashes": [
                "sha256:398cb947c60c4c25e275e1f1dadf027e7096858fb260b8ece3b33bcff90d985f",
                "sha256:487e553017d419f35add346c4c09707e52fa53f7e7181ce1098ca27620e9ceee"
            ],
            "version": "==1.1.3"
        },
        "preshed": {
            "hashes": [
                "sha256:0de63a560f10107a3f0a9e252cc3183b8fdedcb5f81a86938fd9f1dcf8a64adf",
                "sha256:182138033c0730c683a6d97e567ceb8a3e83f3bff5704f300d582238dbd384b3",
                "sha256:1fa6d3d5529b08296ff9b7b4da1485c080311fd8744bbf3a86019ff88007b382",
                "sha256:23906d114fc97c17c5f8433342495d7562e96ecfd871289c2bb2ed9a9df57c3f",
                "sha256:24229c77364628743bc29c5620c5d6607ed104f0e02ae31f8a030f99a78a5ceb",
                "sha256:2d473c5f6856e07a88d41fe00bb6c206ecf7b34c381d30de0b818ba2ebaf9406",
                "sha256:3452b64d97ce630e200c415073040aa494ceec6b7038f7a2a3400cbd7858e952",
                "sha256:345a10be3b86bcc6c0591d343a6dc2bfd86aa6838c30ced4256dfcfa836c3a64",
                "sha256:3a9ad9f738084e048a7c94c90f40f727217387115b2c9a95c77f0ce943879fcd",
                "sha256:4a55091d0e395f1fdb62ab43401bb9f8b46c7d7794d5b071813c29dc1ab22fd0",
                "sha256:4f96ef4caf9847b2bb9868574dcbe2496f974e41c2b83d6621c24fb4c3fc57e3",
                "sha256:51d0192274aa061699b284f9fd08416065348edbafd64840c3889617ee1609de",
                "sha256:5cb90ecd5bec71c21d95962db1a7922364d6db2abe284a8c4b196df8bbcc871e",
                "sha256:721863c5244ffcd2651ad0928951a2c7c77b102f4e11a251ad85d37ee7621660",
                "sha256:778cf71f82cedd2719b256f3980d556d6fb56ec552334ba79b49d16e26e854a0",
                "sha256:78590a4a952747c3766e605ce8b747741005bdb1a5aa691a18aae67b09ece0e6",
                "sha256:7de8f5138bcac7870424e09684dc3dd33c8e30e81b269f6c9ede3d8c7bb8e257",
                "sha256:7fe81eb21c7d99e8b9a802cc313b998c5f791bda592903c732b607f78a6b7dc4",
                "sha256:96b857d7a62cbccc3845ac8c41fd23addf052821be4eb987f2eb0da3d8745aa1",
                "sha256:99499e8a58f58949d3f591295a97bca4e197066049c96f5d34944dd21a497193",
                "sha256:a61302cf8bd30568631adcdaf9e6b21d40491bd89ba8ebf67324f98b6c2a2c05",
                "sha256:a671dfa30b67baa09391faf90408b69c8a9a7f81cb9d83d16c39a182355fbfce",
                "sha256:a6e579439b329eb93f32219ff27cb358b55fbb52a4862c31a915a098c8a22ac2",
                "sha256:ac970d97b905e9e817ec13d31befd5b07c9cfec046de73b551d11a6375834b79",
                "sha256:b4fe6720012c62e6d550d6a5c1c7ad88cacef8388d186dad4bafea4140d9d198",
                "sha256:b73b0f7ecc58095ebbc6ca26ec806008ef780190fe685ce471b550e7eef58dc2",
                "sha256:bfd523085a84b1338ff18f61538e1cfcdedc4b9e76002589a301c364d19a2e36",
                "sha256:e04f05758875be9751e483bd3c519c22b00d3b07f5a64441ec328bb9e3c03700",
                "sha256:e304a0a8c9d625b70ba850c59d4e67082a6be9c16c4517b97850a17a282ebee6",
                "sha256:e7c2364da27f2875524ce1ca754dc071515a9ad26eb5def4c7e69129a13c9a59",
                "sha256:ea6b6566997dc3acd8c6ee11a89539ac85c77275b4dcefb2dc746d11053a5af8",
                "sha256:eebaa96ece6641cd981491cba995b68c249e0b6877c84af74971eacf8990aa19",
                "sha256:ef1e5173809d85edd420fc79563b286b88b4049746b797845ba672cf9435c0e7"
            ],
            "markers": "python_version >= '3.6'",
            "version": "==3.0.9"
        },
        "protobuf": {
            "hashes": [
                "sha256:25236b69ab4ce1bec413fd4b68a15ef8141794427e0b4dc173e9d5d9dffc3bcd",
                "sha256:39309898b912ca6febb0084ea912e976482834f401be35840a008da12d189340",
                "sha256:3adc15ec0ff35c5b2d0992f9345b04a540c1e73bfee3ff1643db43cc1d734333",
                "sha256:4ac7249a1530a2ed50e24201d6630125ced04b30619262f06224616e0030b6cf",
                "sha256:4e38fc29d7df32e01a41cf118b5a968b1efd46b9c41ff515234e794011c78b17",
                "sha256:7a97b9c5aed86b9ca289eb5148df6c208ab5bb6906930590961e08f097258107",
                "sha256:917ed03c3eb8a2d51c3496359f5b53b4e4b7e40edfbdd3d3f34336e0eef6825a",
                "sha256:df5e5b8e39b7d1c25b186ffdf9f44f40f810bbcc9d2b71d9d3156fee5a9adf15",
                "sha256:dfddb7537f789002cc4eb00752c92e67885badcc7005566f2c5de9d969d3282d",
                "sha256:ee52874a9e69a30271649be88ecbe69d374232e8fd0b4e4b0aaaa87f429f1631",
                "sha256:f6abd0f69968792da7460d3c2cfa7d94fd74e1c21df321eb6345b963f9ec3d8d"
            ],
            "markers": "python_version >= '3.8'",
            "version": "==5.27.1"
        },
        "pymorphy2": {
            "hashes": [
                "sha256:86c447157dee2eb2341efbe4538e1281a754756ba1aa32da77a89614c58b560c",
                "sha256:a5224ec153cd6920a33961ae636793ad5185143bc8045b3f9a9f8bd62ecacf68"
            ],
            "index": "pypi",
            "version": "==0.9.1"
        },
        "pymorphy2-dicts-ru": {
            "hashes": [
                "sha256:78cad03adca605021abd387a3b2eb515c851b86e94682a1ef2354a2c74fcc196",
                "sha256:9a322a6ee78fd4a5dceead0545c24b9a91687ad5df95cbac1b36f6c36cbb498a"
            ],
            "version": "==2.4.417127.4579844"
        },
        "requests": {
            "hashes": [
                "sha256:55365417734eb18255590a9ff9eb97e9e1da868d4ccd6402399eaf68af20a760",
                "sha256:70761cfe03c773ceb22aa2f671b4757976145175cdfca038c02654d061d6dcc6"
            ],
            "markers": "python_version >= '3.8'",
            "version": "==2.32.3"
        },
        "setuptools": {
            "hashes": [
                "sha256:54faa7f2e8d2d11bcd2c07bed282eef1046b5c080d1c32add737d7b5817b1ad4",
                "sha256:f211a66637b8fa059bb28183da127d4e86396c991a942b028c6650d4319c3fd0"
            ],
            "markers": "python_version >= '3.8'",
            "version": "==70.0.0"
        },
        "spacy": {
            "hashes": [
                "sha256:11ae5cf204f4e7fc3a9f13a078a436ffd157f8df492255827cc54e10da887e59",
                "sha256:2d2675357e8156d84a244446cd170e13e464d6174ba2f7286388da9eafcf8bcf",
                "sha256:396354f71940b41397af063771b81eb77ad98a2cb8fc3260dda22bd262f75796",
                "sha256:403620847f32030da4d9489c11232f6b6e2eca55d65be5c8468c52d5cf629c7f",
                "sha256:42bc337ece4613c16d86f2aba443c4dd4d5e95861b178704919e3074aca2a0fa",
                "sha256:45d9b78db9fbe0ef9d7660ff83b6399afc211d31e45622a31f1201af276f4a39",
                "sha256:48879165b4c5e864377e23b8ee137aa1a1b3f5d976906844f383210cf68efc1e",
                "sha256:590bcb8e0ab1595877470f06a02d311cb96054d2d8075cb5fd1cb2158b429cda",
                "sha256:61d3ff87438712cc48b428bee654cba11c54bb98ffd92101ea175439a9bcbcec",
                "sha256:65144cdb488065a7c9fea672cbfd504ab538b8d29ba387d9ad132aca724752ce",
                "sha256:9974a721fb5ee2546591088371b8410b17599750f66cb4e89739e42ea601e139",
                "sha256:9bc42271a9c3b6588b05fc359ff39302a90555a30d285dfe8558ef159a5bb015",
                "sha256:a02d320daa2a674c16d3ac62c597de737c790f6361491c32120e022ea4d268cf",
                "sha256:bb6b951fdb3b58c429f15ea258c5594cc236df294f79ab946c28b46ab71e24bb",
                "sha256:c1bdd5872dfc73cfc4b856e48279fd0abb9826c08f182363742bd5f887206e6d",
                "sha256:d0331420d1099418860f753798f7d59bc7023bef82a09da77fb500f491161d54",
                "sha256:d0679ee3652281833b9d3e103b754161e9e4ac770cf8c80ab324216a8f50a025",
                "sha256:d92166e49208bc8bd3f3ae204b4b46baa988960b5fda084ec847f3f925697bf3",
                "sha256:e0c42317b9073efedc078396570929d52993eb083f7a861f8a6d767503c29d19",
                "sha256:e1faacfea2853746611cbc7d5cc971f6c2853d7fa16c65ce24ac6d3493b6eb7a",
                "sha256:e22dca4c38866f2c4dd408586eea9e2b0f626f55aeddff2f175dd8bde71cf9ec",
                "sha256:e2f481f6a988c97db6f1e7373c96fe6d3f737714a21d78d22de12504d96d2a48",
                "sha256:effa6cb9052495a4395352b55d30a3ae9a5de743836e6dcb5ed5d2f52115e821",
                "sha256:f14627cedef9744fa48bcf378b6ea11eabd285daae5a560594c02e82d61c168a",
                "sha256:f8962b8a1d61ecd3f73978c2875c0703f0b3762ab89adb78c0a70737f72c4bbe",
                "sha256:f8fee03d4fde0d3ddbe53efe5fc7cbaec62757253f29e4bd1d5a21f3c0e1dafa",
                "sha256:fc567cf3fc8629d95fd82879f57a900fbce1ac8ed7d0444f647f204ef86023e8",
                "sha256:fdece093290de3822f472e7e748525f8f665e17a39f802319f03f6e28686eff3"
            ],
            "index": "pypi",
            "markers": "python_version >= '2.7' and python_version not in '3.0, 3.1, 3.2, 3.3, 3.4'",
            "version": "==2.3.9"
        },
        "spacy-stanza": {
            "hashes": [
                "sha256:36704849f971b238dfcbf7ae72b756d452914be4cf84e0ae74a8107ed3bf310e",
                "sha256:50cf061bff6e3b8bad2e06d81ccbb337c1d6915a047ae1689aef0eeed02db183"
            ],
            "index": "pypi",
            "markers": "python_version >= '3.6'",
            "version": "==0.2.5"
        },
        "srsly": {
            "hashes": [
                "sha256:02018cda39d6ec9bf7205f655c0e152c31a66d92ab3a890d9c29628773dbd66f",
                "sha256:0309c3fa30af36ef9f3557db6f9fb209344a252d76e133d6dd95837470c1d083",
                "sha256:07ac27c6b0847c48d884fad50512193e7295d426330a29d8777d9f2687851c27",
                "sha256:0869a2f4fca09849e9bbbc09706e98127b2736c0556b00862cc1d8aaee74b525",
                "sha256:08a45f7edcda059bb8a7d16da9261befa6abf0df7af7616f8499fbf615211699",
                "sha256:0cc6e146024212a78255232cee7cbadd54c2ae431c42d10d8db470462ab3d7c6",
                "sha256:140c6d28a9d8fa2e0ca82b4a129b251e8cfdab64641ffd33ca6a8d6e3abec77a",
                "sha256:1ed4a3aa228ce6a3f27d7a7f6f1ac3bc679ebf631d4df181a64e0dc0e4b4d351",
                "sha256:27c939c0c7b0b479bff35d25ed504d7195dc81760718b027630a783587ab2dd6",
                "sha256:2a21aa3f741e277878a0305fccf8206737059ba1ea769e5e937e76150de8a14b",
                "sha256:33112ddcaa93b666c0dece86c0ec40fbb72de6f64a1601ffe635259c56c2fae0",
                "sha256:4f00ca0794548279463854b1a94b955a12bee8b151022c7da06e0a356d8ea82b",
                "sha256:5149649ab10f750b51bbd4ffc0979139916ff48692a688eab46bfca17313aae3",
                "sha256:745bd095a236aca4be783b6b5bfbc2f58463ceceeadc65d2f18759ab7e81bdcd",
                "sha256:75a915917285e7e1e8ea30a1a37f120ed1f47bfda82f5be92f55e2701b778dd3",
                "sha256:7a63f5474bb24a6050fbc35529353d58703f6ee0c948ab3f34791a35b10b2c3f",
                "sha256:83bf45b86c1d95e3754c17564609027a07f320ae156f787bca73306c624b4024",
                "sha256:971e9b4550ae02af5e0d6eec4e3db067dc22a60f70ffc0c9cad9d25f6b380ce7",
                "sha256:9f1ae66429885ae5917de69b34cd93a809d437c675d00a72e0a2d95c99807bc4",
                "sha256:acd1e1418066d36b928ed1983f24e234f15e92587ca879ae727a1e33c9c628bd",
                "sha256:c0a6506d7c18ad5da3c7bb9ca48b237da1c38363d064e80187df7322e30ce218",
                "sha256:c20621de9a3eb13a3fe0f41cf5450096d9215ac02971b72db16c0fd5aac5353a",
                "sha256:c6818e377c6998cfc2bb825bddb85a091bd5a315d4849a6c6d27eba1c7eef946",
                "sha256:cd150d6d328ac8d3962afe34bfa272b981688bfdd984aef46fdfafad4cff587f",
                "sha256:e0b630429d2b094afbdab237c90eab7a1abc46a701f68bcf755611f38edd37db",
                "sha256:e7bfed757b38f2962f71c521856486f5b24909bba390cad15dc771bf739d3d2d",
                "sha256:ec775deb0295953cc0ca9b5e502d4509533ef0398ce537105ec1c61c9aed1373",
                "sha256:f5bedc9cd3020b12939818b9336d4968345859b93216a48d7ccdd416bc40fae2"
            ],
            "markers": "python_version >= '3.6'",
            "version": "==1.0.7"
        },
        "stanza": {
            "hashes": [
                "sha256:6a27f1990f4981d982939198d5c872b93fd6e1858345a915e33f42fc50b3cf22",
                "sha256:b11a96791f34046b71d1760ad5ab7afdd536c18592909318a69876b308183904"
            ],
            "index": "pypi",
            "markers": "python_version >= '3.6'",
            "version": "==1.2.3"
        },
        "sympy": {
            "hashes": [
                "sha256:2877b03f998cd8c08f07cd0de5b767119cd3ef40d09f41c30d722f6686b0fb88",
                "sha256:9b2cbc7f1a640289430e13d2a56f02f867a1da0190f2f99d8968c2f74da0e515"
            ],
            "markers": "python_version >= '3.8'",
            "version": "==1.12.1"
        },
        "thinc": {
            "hashes": [
                "sha256:136bdd3af9787b4a41ae6166fa963ce1f4d108bc823fa68b52b64e04ae30af3a",
                "sha256:16dee8f90c35f2f1a9bd17a9b18d7be07f150e212a75740840494d4a95e3f7e8",
                "sha256:32d0cf33b970b2c6ff9aa146c6f12cb5b705c1455dbad759c24e94aeb5544246",
                "sha256:364e97f7ed49d361bd50f091616b083dcfbf2a373b7da72f364c2c4b5f4280a0",
                "sha256:38983924746eb13d9b54942955fecd6428ec862046484bc7d2ea2a9a9a04a1a2",
                "sha256:3dc09c1061a4570255ce2438dc91def85b02a2fa380e725fd7ae9d151414a593",
                "sha256:3e67fc8d44335aae38b4c749c118cd7c92e4e4895a0802c11d87efbbc06943fd",
                "sha256:3f3198d34661f3b25af483ae39cde6aaae7dcf17cced91804f25964e1b69685f",
                "sha256:4d2340888ae3e1cf0910b1cb860b9deeaba03dc808b8430f154fb79bfab74b4d",
                "sha256:4da522550fbb8bc51ceacf0d68d5b9b108071d19a10374a6f2938b56fb0b9808",
                "sha256:56f2a5b7fafc11c625a9236c32d73939238d0997631cffbc6dd5c5b501d10478",
                "sha256:58ba8e740468d849cf6a7b51b5d6db88064305698d585eab536200eba228a853",
                "sha256:6b0d6e29b69ecd04e2f8b4aecd0ea3225b5d44037de58e468d03d754756f1627",
                "sha256:6e592a21382287114b5ba412a2d2b8c20d73989fec78edea82e7151d03e4f627",
                "sha256:744b2ea0e4c193f6bb575cd0e50a48d0b5222b49727ec57dc14e4c4ee3d0fb1a",
                "sha256:8dda058266cc27d8299324c6f42736314c11ed49932c2c4b1ee9b34c9078677d",
                "sha256:917aa55a5cb550f5084f9ac8259a2726bf4dd6f524d7de566dc27ee061eb9925",
                "sha256:945bdfb6893934f944db92b78e698a78854cb230a6429afb495f1c2225049651",
                "sha256:a27d057a0b3c0e3421f506d3e5fbe4a7221cacd1c783ba881a2d48e352179fed",
                "sha256:a5429eba74b281c94314ec40b6a209d701eb31a868b6b6775df34f085e8b8612",
                "sha256:a61c39afe4cda53f470519693438b6c673e79cc984c4f4899dcfcc91cc6668d2",
                "sha256:c3f91a29b0f458f943d3248dada7ab26fd40fbb0069dd6a285ad3283a9add0a5",
                "sha256:cd20696a3f42baf63628e4fc018d33880ea781320cec91e2a425fafefd4fc24b",
                "sha256:e01a0aa93ac6b7cc51ad332818fec5a71f4afe451ee0edd65e7bf427b6077078",
                "sha256:ed9c840e2f9edd053715953108d09982854b55695f46986b29e67df3f35bef58",
                "sha256:ef57def77166b4f1019425207b3d9eea181b8118b6c75d5b2d3a70a259844e14",
                "sha256:f11259a26525fd8c9b0f3f45cfbfc73d9472db8803860d73b5a82b5a87f822d7",
                "sha256:fdb71050ee51d711798a657684f47ae3abdc59b123c52361f1becb15d1f07d5c"
            ],
            "version": "==7.4.6"
        },
        "torch": {
            "hashes": [
                "sha256:07e9ba746832b8d069cacb45f312cadd8ad02b81ea527ec9766c0e7404bb3feb",
                "sha256:224259821fe3e4c6f7edf1528e4fe4ac779c77addaa74215eb0b63a5c474d66c",
                "sha256:2bb5af780c55be68fe100feb0528d2edebace1d55cb2e351de735809ba7391eb",
                "sha256:32b05fe0d1ada7f69c9f86c14ff69b0ef1957a5a54199bacba63d22d8fab720b",
                "sha256:3c333dc2ebc189561514eda06e81df22bf8fb64e2384746b2cb9f04f96d1d4c8",
                "sha256:3d7a7f7ef21a7520510553dc3938b0c57c116a7daee20736a9e25cbc0e832bdc",
                "sha256:462d1c07dbf6bb5d9d2f3316fee73a24f3d12cd8dacf681ad46ef6418f7f6626",
                "sha256:4777f6cefa0c2b5fa87223c213e7b6f417cf254a45e5829be4ccd1b2a4ee1011",
                "sha256:490cc3d917d1fe0bd027057dfe9941dc1d6d8e3cae76140f5dd9a7e5bc7130ab",
                "sha256:5802530783bd465fe66c2df99123c9a54be06da118fbd785a25ab0a88123758a",
                "sha256:605a25b23944be5ab7c3467e843580e1d888b8066e5aaf17ff7bf9cc30001cc3",
                "sha256:7c09a94362778428484bcf995f6004b04952106aee0ef45ff0b4bab484f5498d",
                "sha256:a486c0b1976a118805fc7c9641d02df7afbb0c21e6b555d3bb985c9f9601b61a",
                "sha256:a7dd4ed388ad1f3d502bf09453d5fe596c7b121de7e0cfaca1e2017782e9bbac",
                "sha256:aaa872abde9a3d4f91580f6396d54888620f4a0b92e3976a6034759df4b961ad",
                "sha256:b2ec81b61bb094ea4a9dee1cd3f7b76a44555375719ad29f05c0ca8ef596ad39",
                "sha256:bee0bd33dc58aa8fc8a7527876e9b9a0e812ad08122054a5bff2ce5abf005b10",
                "sha256:e5fdccbf6f1334b2203a61a0e03821d5845f1421defe311dabeae2fc8fbeac2d",
                "sha256:f2357eb0965583a0954d6f9ad005bba0091f956aef879822274b1bcdb11bd308",
                "sha256:ff60bf7ce3de1d43ad3f6969983f321a31f0a45df3690921720bcad6a8596cc4"
            ],
            "markers": "python_full_version >= '3.8.0'",
            "version": "==2.3.1"
        },
        "tqdm": {
            "hashes": [
                "sha256:b75ca56b413b030bc3f00af51fd2c1a1a5eac6a0c1cca83cbb37a5c52abce644",
                "sha256:e4d936c9de8727928f3be6079590e97d9abfe8d39a590be678eb5919ffc186bb"
            ],
            "markers": "python_version >= '3.7'",
            "version": "==4.66.4"
        },
        "typing-extensions": {
            "hashes": [
                "sha256:04e5ca0351e0f3f85c6853954072df659d0d13fac324d0072316b67d7794700d",
                "sha256:1a7ead55c7e559dd4dee8856e3a88b41225abfe1ce8df57b7c13915fe121ffb8"
            ],
            "markers": "python_version >= '3.8'",
            "version": "==4.12.2"
        },
        "urllib3": {
            "hashes": [
                "sha256:a448b2f64d686155468037e1ace9f2d2199776e17f0a46610480d311f73e3472",
                "sha256:dd505485549a7a552833da5e6063639d0d177c04f23bc3864e41e5dc5f612168"
            ],
            "index": "pypi",
            "markers": "python_version >= '3.8'",
            "version": "==2.2.2"
        },
        "wasabi": {
            "hashes": [
                "sha256:c8e372781be19272942382b14d99314d175518d7822057cb7a97010c4259d249",
                "sha256:fe862cc24034fbc9f04717cd312ab884f71f51a8ecabebc3449b751c2a649d83"
            ],
            "version": "==0.10.1"
        }
    },
    "develop": {}
}
